
Microsoft Visual Studio Solution File, Format Version 12.00
# Visual Studio Version 16
VisualStudioVersion = 16.0.32630.194
MinimumVisualStudioVersion = 10.0.40219.1
Project("{FAE04EC0-301F-11D3-BF4B-00C04F79EFBC}") = "TodoApi", "TodoApi\TodoApi.csproj", "{9B9F613C-DD1F-4C90-BBE2-099E73C937A4}"
EndProject
Global
	GlobalSection(SolutionConfigurationPlatforms) = preSolution
		Debug|Any CPU = Debug|Any CPU
		Release|Any CPU = Release|Any CPU
	EndGlobalSection
	GlobalSection(ProjectConfigurationPlatforms) = postSolution
		{9B9F613C-DD1F-4C90-BBE2-099E73C937A4}.Debug|Any CPU.ActiveCfg = Debug|Any CPU
		{9B9F613C-DD1F-4C90-BBE2-099E73C937A4}.Debug|Any CPU.Build.0 = Debug|Any CPU
		{9B9F613C-DD1F-4C90-BBE2-099E73C937A4}.Release|Any CPU.ActiveCfg = Release|Any CPU
		{9B9F613C-DD1F-4C90-BBE2-099E73C937A4}.Release|Any CPU.Build.0 = Release|Any CPU
	EndGlobalSection
	GlobalSection(SolutionProperties) = preSolution
		HideSolutionNode = FALSE
	EndGlobalSection
	GlobalSection(ExtensibilityGlobals) = postSolution
		SolutionGuid = {60576598-C981-4572-87E4-61839CAA2550}
	EndGlobalSection
EndGlobal
